
Microsoft Visual Studio Solution File, Format Version 12.00
Project("{FAE04EC0-301F-11D3-BF4B-00C04F79EFBC}") = "RabbitMqSenderApp", "RabbitMqSenderApp\RabbitMqSenderApp.csproj", "{18688891-02E7-4936-8ECD-2C4064AB9516}"
EndProject
Project("{FAE04EC0-301F-11D3-BF4B-00C04F79EFBC}") = "RabbitMqReceiverAPp", "RabbitMqReceiverAPp\RabbitMqReceiverAPp.csproj", "{69CC9D93-D5C6-4263-A263-C8942797E4E0}"
EndProject
Global
	GlobalSection(SolutionConfigurationPlatforms) = preSolution
		Debug|Any CPU = Debug|Any CPU
		Release|Any CPU = Release|Any CPU
	EndGlobalSection
	GlobalSection(ProjectConfigurationPlatforms) = postSolution
		{18688891-02E7-4936-8ECD-2C4064AB9516}.Debug|Any CPU.ActiveCfg = Debug|Any CPU
		{18688891-02E7-4936-8ECD-2C4064AB9516}.Debug|Any CPU.Build.0 = Debug|Any CPU
		{18688891-02E7-4936-8ECD-2C4064AB9516}.Release|Any CPU.ActiveCfg = Release|Any CPU
		{18688891-02E7-4936-8ECD-2C4064AB9516}.Release|Any CPU.Build.0 = Release|Any CPU
		{69CC9D93-D5C6-4263-A263-C8942797E4E0}.Debug|Any CPU.ActiveCfg = Debug|Any CPU
		{69CC9D93-D5C6-4263-A263-C8942797E4E0}.Debug|Any CPU.Build.0 = Debug|Any CPU
		{69CC9D93-D5C6-4263-A263-C8942797E4E0}.Release|Any CPU.ActiveCfg = Release|Any CPU
		{69CC9D93-D5C6-4263-A263-C8942797E4E0}.Release|Any CPU.Build.0 = Release|Any CPU
	EndGlobalSection
EndGlobal
